
Microsoft Visual Studio Solution File, Format Version 12.00
# Visual Studio 15
VisualStudioVersion = 15.0.28010.2046
MinimumVisualStudioVersion = 10.0.40219.1
Project("{FAE04EC0-301F-11D3-BF4B-00C04F79EFBC}") = "S01E01Exercise1", "S01E01Exercise1\S01E01Exercise1.csproj", "{5F55AC0C-5D5F-4582-9447-396A2D6AE73D}"
EndProject
Global
	GlobalSection(SolutionConfigurationPlatforms) = preSolution
		Debug|Any CPU = Debug|Any CPU
		Release|Any CPU = Release|Any CPU
	EndGlobalSection
	GlobalSection(ProjectConfigurationPlatforms) = postSolution
		{5F55AC0C-5D5F-4582-9447-396A2D6AE73D}.Debug|Any CPU.ActiveCfg = Debug|Any CPU
		{5F55AC0C-5D5F-4582-9447-396A2D6AE73D}.Debug|Any CPU.Build.0 = Debug|Any CPU
		{5F55AC0C-5D5F-4582-9447-396A2D6AE73D}.Release|Any CPU.ActiveCfg = Release|Any CPU
		{5F55AC0C-5D5F-4582-9447-396A2D6AE73D}.Release|Any CPU.Build.0 = Release|Any CPU
	EndGlobalSection
	GlobalSection(SolutionProperties) = preSolution
		HideSolutionNode = FALSE
	EndGlobalSection
	GlobalSection(ExtensibilityGlobals) = postSolution
		SolutionGuid = {029BA254-3115-4C24-B291-53CC176056A0}
	EndGlobalSection
EndGlobal
